
Microsoft Visual Studio Solution File, Format Version 12.00
# Visual Studio Version 17
VisualStudioVersion = 17.6.33717.318
MinimumVisualStudioVersion = 10.0.40219.1
Project("{FAE04EC0-301F-11D3-BF4B-00C04F79EFBC}") = "MatchGame", "MatchGame\MatchGame.csproj", "{5FB56471-90A4-459F-8832-C75E537A043D}"
EndProject
Global
	GlobalSection(SolutionConfigurationPlatforms) = preSolution
		Debug|Any CPU = Debug|Any CPU
		Release|Any CPU = Release|Any CPU
	EndGlobalSection
	GlobalSection(ProjectConfigurationPlatforms) = postSolution
		{5FB56471-90A4-459F-8832-C75E537A043D}.Debug|Any CPU.ActiveCfg = Debug|Any CPU
		{5FB56471-90A4-459F-8832-C75E537A043D}.Debug|Any CPU.Build.0 = Debug|Any CPU
		{5FB56471-90A4-459F-8832-C75E537A043D}.Release|Any CPU.ActiveCfg = Release|Any CPU
		{5FB56471-90A4-459F-8832-C75E537A043D}.Release|Any CPU.Build.0 = Release|Any CPU
	EndGlobalSection
	GlobalSection(SolutionProperties) = preSolution
		HideSolutionNode = FALSE
	EndGlobalSection
	GlobalSection(ExtensibilityGlobals) = postSolution
		SolutionGuid = {CB39100B-02FE-4382-825B-266EAFD588B8}
	EndGlobalSection
EndGlobal
